
Microsoft Visual Studio Solution File, Format Version 12.00
# Visual Studio Version 16
VisualStudioVersion = 16.0.28729.10
MinimumVisualStudioVersion = 10.0.40219.1
Project("{FAE04EC0-301F-11D3-BF4B-00C04F79EFBC}") = "main_system_app", "main_system_app\main_system_app.csproj", "{DCE12927-6681-4A79-A9F5-9CF7A1E561C6}"
EndProject
Global
	GlobalSection(SolutionConfigurationPlatforms) = preSolution
		Debug|Any CPU = Debug|Any CPU
		Release|Any CPU = Release|Any CPU
	EndGlobalSection
	GlobalSection(ProjectConfigurationPlatforms) = postSolution
		{DCE12927-6681-4A79-A9F5-9CF7A1E561C6}.Debug|Any CPU.ActiveCfg = Debug|Any CPU
		{DCE12927-6681-4A79-A9F5-9CF7A1E561C6}.Debug|Any CPU.Build.0 = Debug|Any CPU
		{DCE12927-6681-4A79-A9F5-9CF7A1E561C6}.Release|Any CPU.ActiveCfg = Release|Any CPU
		{DCE12927-6681-4A79-A9F5-9CF7A1E561C6}.Release|Any CPU.Build.0 = Release|Any CPU
	EndGlobalSection
	GlobalSection(SolutionProperties) = preSolution
		HideSolutionNode = FALSE
	EndGlobalSection
	GlobalSection(ExtensibilityGlobals) = postSolution
		SolutionGuid = {F3B670C2-486A-44EC-91B0-0FB70EF2AC75}
	EndGlobalSection
EndGlobal
